// !$*UTF8*$!
{
	archiveVersion = 1;
	classes = {
	};
	objectVersion = 46;
	objects = {

/* Begin PBXBuildFile section */
		7D11041C1C18D9BD00FB6A06 /* AppDelegate.swift in Sources */ = {isa = PBXBuildFile; fileRef = 7D11041B1C18D9BD00FB6A06 /* AppDelegate.swift */; };
		7D11041E1C18D9BD00FB6A06 /* Assets.xcassets in Resources */ = {isa = PBXBuildFile; fileRef = 7D11041D1C18D9BD00FB6A06 /* Assets.xcassets */; };
		7D1104211C18D9BD00FB6A06 /* MainMenu.xib in Resources */ = {isa = PBXBuildFile; fileRef = 7D11041F1C18D9BD00FB6A06 /* MainMenu.xib */; };
/* End PBXBuildFile section */

/* Begin PBXFileReference section */
		7D1104181C18D9BD00FB6A06 /* OpenStall.app */ = {isa = PBXFileReference; explicitFileType = wrapper.application; includeInIndex = 0; path = OpenStall.app; sourceTree = BUILT_PRODUCTS_DIR; };
		7D11041B1C18D9BD00FB6A06 /* AppDelegate.swift */ = {isa = PBXFileReference; lastKnownFileType = sourcecode.swift; path = AppDelegate.swift; sourceTree = "<group>"; };
		7D11041D1C18D9BD00FB6A06 /* Assets.xcassets */ = {isa = PBXFileReference; lastKnownFileType = folder.assetcatalog; path = Assets.xcassets; sourceTree = "<group>"; };
		7D1104201C18D9BD00FB6A06 /* Base */ = {isa = PBXFileReference; lastKnownFileType = file.xib; name = Base; path = Base.lproj/MainMenu.xib; sourceTree = "<group>"; };
		7D1104221C18D9BD00FB6A06 /* Info.plist */ = {isa = PBXFileReference; lastKnownFileType = text.plist.xml; path = Info.plist; sourceTree = "<group>"; };
/* End PBXFileReference section */

/* Begin PBXFrameworksBuildPhase section */
		7D1104151C18D9BD00FB6A06 /* Frameworks */ = {
			isa = PBXFrameworksBuildPhase;
			buildActionMask = 2147483647;
			files = (
			);
			runOnlyForDeploymentPostprocessing = 0;
		};
/* End PBXFrameworksBuildPhase section */

/* Begin PBXGroup section */
		7D11040F1C18D9BD00FB6A06 = {
			isa = PBXGroup;
			children = (
				7D11041A1C18D9BD00FB6A06 /* OpenStall */,
				7D1104191C18D9BD00FB6A06 /* Products */,
			);
			sourceTree = "<group>";
		};
		7D1104191C18D9BD00FB6A06 /* Products */ = {
			isa = PBXGroup;
			children = (
				7D1104181C18D9BD00FB6A06 /* OpenStall.app */,
			);
			name = Products;
			sourceTree = "<group>";
		};
		7D11041A1C18D9BD00FB6A06 /* OpenStall */ = {
			isa = PBXGroup;
			children = (
				7D11041B1C18D9BD00FB6A06 /* AppDelegate.swift */,
				7D11041D1C18D9BD00FB6A06 /* Assets.xcassets */,
				7D11041F1C18D9BD00FB6A06 /* MainMenu.xib */,
				7D1104221C18D9BD00FB6A06 /* Info.plist */,
			);
			path = OpenStall;
			sourceTree = "<group>";
		};
/* End PBXGroup section */

/* Begin PBXNativeTarget section */
		7D1104171C18D9BD00FB6A06 /* OpenStall */ = {
			isa = PBXNativeTarget;
			buildConfigurationList = 7D1104251C18D9BD00FB6A06 /* Build configuration list for PBXNativeTarget "OpenStall" */;
			buildPhases = (
				7D1104141C18D9BD00FB6A06 /* Sources */,
				7D1104151C18D9BD00FB6A06 /* Frameworks */,
				7D1104161C18D9BD00FB6A06 /* Resources */,
			);
			buildRules = (
			);
			dependencies = (
			);
			name = OpenStall;
			productName = OpenStall;
			productReference = 7D1104181C18D9BD00FB6A06 /* OpenStall.app */;
			productType = "com.apple.product-type.application";
		};
/* End PBXNativeTarget section */

/* Begin PBXProject section */
		7D1104101C18D9BD00FB6A06 /* Project object */ = {
			isa = PBXProject;
			attributes = {
				LastSwiftUpdateCheck = 0710;
				LastUpgradeCheck = 0710;
				ORGANIZATIONNAME = "Rick Wilson";
				TargetAttributes = {
					7D1104171C18D9BD00FB6A06 = {
						CreatedOnToolsVersion = 7.1.1;
						DevelopmentTeam = 7S58SAN79V;
					};
				};
			};
			buildConfigurationList = 7D1104131C18D9BD00FB6A06 /* Build configuration list for PBXProject "OpenStall" */;
			compatibilityVersion = "Xcode 3.2";
			developmentRegion = English;
			hasScannedForEncodings = 0;
			knownRegions = (
				en,
				Base,
			);
			mainGroup = 7D11040F1C18D9BD00FB6A06;
			productRefGroup = 7D1104191C18D9BD00FB6A06 /* Products */;
			projectDirPath = "";
			projectRoot = "";
			targets = (
				7D1104171C18D9BD00FB6A06 /* OpenStall */,
			);
		};
/* End PBXProject section */

/* Begin PBXResourcesBuildPhase section */
		7D1104161C18D9BD00FB6A06 /* Resources */ = {
			isa = PBXResourcesBuildPhase;
			buildActionMask = 2147483647;
			files = (
				7D11041E1C18D9BD00FB6A06 /* Assets.xcassets in Resources */,
				7D1104211C18D9BD00FB6A06 /* MainMenu.xib in Resources */,
			);
			runOnlyForDeploymentPostprocessing = 0;
		};
/* End PBXResourcesBuildPhase section */

/* Begin PBXSourcesBuildPhase section */
		7D1104141C18D9BD00FB6A06 /* Sources */ = {
			isa = PBXSourcesBuildPhase;
			buildActionMask = 2147483647;
			files = (
				7D11041C1C18D9BD00FB6A06 /* AppDelegate.swift in Sources */,
			);
			runOnlyForDeploymentPostprocessing = 0;
		};
/* End PBXSourcesBuildPhase section */

/* Begin PBXVariantGroup section */
		7D11041F1C18D9BD00FB6A06 /* MainMenu.xib */ = {
			isa = PBXVariantGroup;
			children = (
				7D1104201C18D9BD00FB6A06 /* Base */,
			);
			name = MainMenu.xib;
			sourceTree = "<group>";
		};
/* End PBXVariantGroup section */

/* Begin XCBuildConfiguration section */
		7D1104231C18D9BD00FB6A06 /* Debug */ = {
			isa = XCBuildConfiguration;
			buildSettings = {
				ALWAYS_SEARCH_USER_PATHS = NO;
				CLANG_CXX_LANGUAGE_STANDARD = "gnu++0x";
				CLANG_CXX_LIBRARY = "libc++";
				CLANG_ENABLE_MODULES = YES;
				CLANG_ENABLE_OBJC_ARC = YES;
				CLANG_WARN_BOOL_CONVERSION = YES;
				CLANG_WARN_CONSTANT_CONVERSION = YES;
				CLANG_WARN_DIRECT_OBJC_ISA_USAGE = YES_ERROR;
				CLANG_WARN_EMPTY_BODY = YES;
				CLANG_WARN_ENUM_CONVERSION = YES;
				CLANG_WARN_INT_CONVERSION = YES;
				CLANG_WARN_OBJC_ROOT_CLASS = YES_ERROR;
				CLANG_WARN_UNREACHABLE_CODE = YES;
				CLANG_WARN__DUPLICATE_METHOD_MATCH = YES;
				CODE_SIGN_IDENTITY = "-";
				COPY_PHASE_STRIP = NO;
				DEBUG_INFORMATION_FORMAT = dwarf;
				ENABLE_STRICT_OBJC_MSGSEND = YES;
				ENABLE_TESTABILITY = YES;
				GCC_C_LANGUAGE_STANDARD = gnu99;
				GCC_DYNAMIC_NO_PIC = NO;
				GCC_NO_COMMON_BLOCKS = YES;
				GCC_OPTIMIZATION_LEVEL = 0;
				GCC_PREPROCESSOR_DEFINITIONS = (
					"DEBUG=1",
					"$(inherited)",
				);
				GCC_WARN_64_TO_32_BIT_CONVERSION = YES;
				GCC_WARN_ABOUT_RETURN_TYPE = YES_ERROR;
				GCC_WARN_UNDECLARED_SELECTOR = YES;
				GCC_WARN_UNINITIALIZED_AUTOS = YES_AGGRESSIVE;
				GCC_WARN_UNUSED_FUNCTION = YES;
				GCC_WARN_UNUSED_VARIABLE = YES;
				MACOSX_DEPLOYMENT_TARGET = 10.11;
				MTL_ENABLE_DEBUG_INFO = YES;
				ONLY_ACTIVE_ARCH = YES;
				SDKROOT = macosx;
				SWIFT_OPTIMIZATION_LEVEL = "-Onone";
			};
			name = Debug;
		};
		7D1104241C18D9BD00FB6A06 /* Release */ = {
			isa = XCBuildConfiguration;
			buildSettings = {
				ALWAYS_SEARCH_USER_PATHS = NO;
				CLANG_CXX_LANGUAGE_STANDARD = "gnu++0x";
				CLANG_CXX_LIBRARY = "libc++";
				CLANG_ENABLE_MODULES = YES;
				CLANG_ENABLE_OBJC_ARC = YES;
				CLANG_WARN_BOOL_CONVERSION = YES;
				CLANG_WARN_CONSTANT_CONVERSION = YES;
				CLANG_WARN_DIRECT_OBJC_ISA_USAGE = YES_ERROR;
				CLANG_WARN_EMPTY_BODY = YES;
				CLANG_WARN_ENUM_CONVERSION = YES;
				CLANG_WARN_INT_CONVERSION = YES;
				CLANG_WARN_OBJC_ROOT_CLASS = YES_ERROR;
				CLANG_WARN_UNREACHABLE_CODE = YES;
				CLANG_WARN__DUPLICATE_METHOD_MATCH = YES;
				CODE_SIGN_IDENTITY = "-";
				COPY_PHASE_STRIP = NO;
				DEBUG_INFORMATION_FORMAT = "dwarf-with-dsym";
				ENABLE_NS_ASSERTIONS = NO;
				ENABLE_STRICT_OBJC_MSGSEND = YES;
				GCC_C_LANGUAGE_STANDARD = gnu99;
				GCC_NO_COMMON_BLOCKS = YES;
				GCC_WARN_64_TO_32_BIT_CONVERSION = YES;
				GCC_WARN_ABOUT_RETURN_TYPE = YES_ERROR;
				GCC_WARN_UNDECLARED_SELECTOR = YES;
				GCC_WARN_UNINITIALIZED_AUTOS = YES_AGGRESSIVE;
				GCC_WARN_UNUSED_FUNCTION = YES;
				GCC_WARN_UNUSED_VARIABLE = YES;
				MACOSX_DEPLOYMENT_TARGET = 10.11;
				MTL_ENABLE_DEBUG_INFO = NO;
				SDKROOT = macosx;
			};
			name = Release;
		};
		7D1104261C18D9BD00FB6A06 /* Debug */ = {
			isa = XCBuildConfiguration;
			buildSettings = {
				ASSETCATALOG_COMPILER_APPICON_NAME = AppIcon;
				CODE_SIGN_IDENTITY = "Developer ID Application";
				COMBINE_HIDPI_IMAGES = YES;
				INFOPLIST_FILE = OpenStall/Info.plist;
				LD_RUNPATH_SEARCH_PATHS = "$(inherited) @executable_path/../Frameworks";
				MACOSX_DEPLOYMENT_TARGET = 10.10;
				PRODUCT_BUNDLE_IDENTIFIER = com.rick.OpenStall;
				PRODUCT_NAME = "$(TARGET_NAME)";
			};
			name = Debug;
		};
		7D1104271C18D9BD00FB6A06 /* Release */ = {
			isa = XCBuildConfiguration;
			buildSettings = {
				ASSETCATALOG_COMPILER_APPICON_NAME = AppIcon;
				CODE_SIGN_IDENTITY = "Developer ID Application";
				COMBINE_HIDPI_IMAGES = YES;
				INFOPLIST_FILE = OpenStall/Info.plist;
				LD_RUNPATH_SEARCH_PATHS = "$(inherited) @executable_path/../Frameworks";
				MACOSX_DEPLOYMENT_TARGET = 10.10;
				PRODUCT_BUNDLE_IDENTIFIER = com.rick.OpenStall;
				PRODUCT_NAME = "$(TARGET_NAME)";
			};
			name = Release;
		};
/* End XCBuildConfiguration section */

/* Begin XCConfigurationList section */
		7D1104131C18D9BD00FB6A06 /* Build configuration list for PBXProject "OpenStall" */ = {
			isa = XCConfigurationList;
			buildConfigurations = (
				7D1104231C18D9BD00FB6A06 /* Debug */,
				7D1104241C18D9BD00FB6A06 /* Release */,
			);
			defaultConfigurationIsVisible = 0;
			defaultConfigurationName = Release;
		};
		7D1104251C18D9BD00FB6A06 /* Build configuration list for PBXNativeTarget "OpenStall" */ = {
			isa = XCConfigurationList;
			buildConfigurations = (
				7D1104261C18D9BD00FB6A06 /* Debug */,
				7D1104271C18D9BD00FB6A06 /* Release */,
			);
			defaultConfigurationIsVisible = 0;
			defaultConfigurationName = Release;
		};
/* End XCConfigurationList section */
	};
	rootObject = 7D1104101C18D9BD00FB6A06 /* Project object */;
}
